
Microsoft Visual Studio Solution File, Format Version 12.00
# Visual Studio Version 17
VisualStudioVersion = 17.9.34607.119
MinimumVisualStudioVersion = 10.0.40219.1
Project("{FAE04EC0-301F-11D3-BF4B-00C04F79EFBC}") = "DiamantesLetras.ConsoleApp", "DiamantesLetras.ConsoleApp\DiamantesLetras.ConsoleApp.csproj", "{0E5A1BF7-0BE8-46F5-A8D3-27CDACE3322B}"
EndProject
Global
	GlobalSection(SolutionConfigurationPlatforms) = preSolution
		Debug|Any CPU = Debug|Any CPU
		Release|Any CPU = Release|Any CPU
	EndGlobalSection
	GlobalSection(ProjectConfigurationPlatforms) = postSolution
		{0E5A1BF7-0BE8-46F5-A8D3-27CDACE3322B}.Debug|Any CPU.ActiveCfg = Debug|Any CPU
		{0E5A1BF7-0BE8-46F5-A8D3-27CDACE3322B}.Debug|Any CPU.Build.0 = Debug|Any CPU
		{0E5A1BF7-0BE8-46F5-A8D3-27CDACE3322B}.Release|Any CPU.ActiveCfg = Release|Any CPU
		{0E5A1BF7-0BE8-46F5-A8D3-27CDACE3322B}.Release|Any CPU.Build.0 = Release|Any CPU
	EndGlobalSection
	GlobalSection(SolutionProperties) = preSolution
		HideSolutionNode = FALSE
	EndGlobalSection
	GlobalSection(ExtensibilityGlobals) = postSolution
		SolutionGuid = {7A0C8FE3-52B1-4358-A5D6-8349D3C61389}
	EndGlobalSection
EndGlobal
